
Microsoft Visual Studio Solution File, Format Version 12.00
# Visual Studio Version 17
VisualStudioVersion = 17.0.31912.275
MinimumVisualStudioVersion = 10.0.40219.1
Project("{FAE04EC0-301F-11D3-BF4B-00C04F79EFBC}") = "CRUD_PersonasDef_UWP", "CRUD_PersonasDef_UWP\CRUD_PersonasDef_UWP.csproj", "{C91E09FF-5811-4C5A-91EE-07288076127D}"
EndProject
Project("{9A19103F-16F7-4668-BE54-9A1E7A4F7556}") = "CRUD_PersonasDef_DAL", "CRUD_PersonasDef_DAL\CRUD_PersonasDef_DAL.csproj", "{CB9ACDE5-A53A-48C9-BD01-4708D8A070BD}"
EndProject
Project("{9A19103F-16F7-4668-BE54-9A1E7A4F7556}") = "CRUD_PersonasDef_Entidades", "CRUD_PersonasDef_Entidades\CRUD_PersonasDef_Entidades.csproj", "{D37B772A-F5BB-4719-8EE9-33CB59885FA3}"
EndProject
Project("{9A19103F-16F7-4668-BE54-9A1E7A4F7556}") = "CRUD_PersonasDef_BL", "CRUD_PersonasDef_BL\CRUD_PersonasDef_BL.csproj", "{F01B4768-053F-47FF-B2B5-6ECE36A5EFC9}"
EndProject
Project("{FAE04EC0-301F-11D3-BF4B-00C04F79EFBC}") = "CRUD_PersonasDef_ASP", "CRUD_PersonasDef_ASP\CRUD_PersonasDef_ASP.csproj", "{C1232385-925A-49F9-9E1D-3284244D1DCE}"
EndProject
Global
	GlobalSection(SolutionConfigurationPlatforms) = preSolution
		Debug|Any CPU = Debug|Any CPU
		Debug|ARM = Debug|ARM
		Debug|ARM64 = Debug|ARM64
		Debug|x64 = Debug|x64
		Debug|x86 = Debug|x86
		Release|Any CPU = Release|Any CPU
		Release|ARM = Release|ARM
		Release|ARM64 = Release|ARM64
		Release|x64 = Release|x64
		Release|x86 = Release|x86
	EndGlobalSection
	GlobalSection(ProjectConfigurationPlatforms) = postSolution
		{C91E09FF-5811-4C5A-91EE-07288076127D}.Debug|Any CPU.ActiveCfg = Debug|x86
		{C91E09FF-5811-4C5A-91EE-07288076127D}.Debug|ARM.ActiveCfg = Debug|ARM
		{C91E09FF-5811-4C5A-91EE-07288076127D}.Debug|ARM.Build.0 = Debug|ARM
		{C91E09FF-5811-4C5A-91EE-07288076127D}.Debug|ARM.Deploy.0 = Debug|ARM
		{C91E09FF-5811-4C5A-91EE-07288076127D}.Debug|ARM64.ActiveCfg = Debug|ARM64
		{C91E09FF-5811-4C5A-91EE-07288076127D}.Debug|ARM64.Build.0 = Debug|ARM64
		{C91E09FF-5811-4C5A-91EE-07288076127D}.Debug|ARM64.Deploy.0 = Debug|ARM64
		{C91E09FF-5811-4C5A-91EE-07288076127D}.Debug|x64.ActiveCfg = Debug|x64
		{C91E09FF-5811-4C5A-91EE-07288076127D}.Debug|x64.Build.0 = Debug|x64
		{C91E09FF-5811-4C5A-91EE-07288076127D}.Debug|x64.Deploy.0 = Debug|x64
		{C91E09FF-5811-4C5A-91EE-07288076127D}.Debug|x86.ActiveCfg = Debug|x86
		{C91E09FF-5811-4C5A-91EE-07288076127D}.Debug|x86.Build.0 = Debug|x86
		{C91E09FF-5811-4C5A-91EE-07288076127D}.Debug|x86.Deploy.0 = Debug|x86
		{C91E09FF-5811-4C5A-91EE-07288076127D}.Release|Any CPU.ActiveCfg = Release|x86
		{C91E09FF-5811-4C5A-91EE-07288076127D}.Release|ARM.ActiveCfg = Release|ARM
		{C91E09FF-5811-4C5A-91EE-07288076127D}.Release|ARM.Build.0 = Release|ARM
		{C91E09FF-5811-4C5A-91EE-07288076127D}.Release|ARM.Deploy.0 = Release|ARM
		{C91E09FF-5811-4C5A-91EE-07288076127D}.Release|ARM64.ActiveCfg = Release|ARM64
		{C91E09FF-5811-4C5A-91EE-07288076127D}.Release|ARM64.Build.0 = Release|ARM64
		{C91E09FF-5811-4C5A-91EE-07288076127D}.Release|ARM64.Deploy.0 = Release|ARM64
		{C91E09FF-5811-4C5A-91EE-07288076127D}.Release|x64.ActiveCfg = Release|x64
		{C91E09FF-5811-4C5A-91EE-07288076127D}.Release|x64.Build.0 = Release|x64
		{C91E09FF-5811-4C5A-91EE-07288076127D}.Release|x64.Deploy.0 = Release|x64
		{C91E09FF-5811-4C5A-91EE-07288076127D}.Release|x86.ActiveCfg = Release|x86
		{C91E09FF-5811-4C5A-91EE-07288076127D}.Release|x86.Build.0 = Release|x86
		{C91E09FF-5811-4C5A-91EE-07288076127D}.Release|x86.Deploy.0 = Release|x86
		{CB9ACDE5-A53A-48C9-BD01-4708D8A070BD}.Debug|Any CPU.ActiveCfg = Debug|Any CPU
		{CB9ACDE5-A53A-48C9-BD01-4708D8A070BD}.Debug|Any CPU.Build.0 = Debug|Any CPU
		{CB9ACDE5-A53A-48C9-BD01-4708D8A070BD}.Debug|ARM.ActiveCfg = Debug|Any CPU
		{CB9ACDE5-A53A-48C9-BD01-4708D8A070BD}.Debug|ARM.Build.0 = Debug|Any CPU
		{CB9ACDE5-A53A-48C9-BD01-4708D8A070BD}.Debug|ARM64.ActiveCfg = Debug|Any CPU
		{CB9ACDE5-A53A-48C9-BD01-4708D8A070BD}.Debug|ARM64.Build.0 = Debug|Any CPU
		{CB9ACDE5-A53A-48C9-BD01-4708D8A070BD}.Debug|x64.ActiveCfg = Debug|Any CPU
		{CB9ACDE5-A53A-48C9-BD01-4708D8A070BD}.Debug|x64.Build.0 = Debug|Any CPU
		{CB9ACDE5-A53A-48C9-BD01-4708D8A070BD}.Debug|x86.ActiveCfg = Debug|Any CPU
		{CB9ACDE5-A53A-48C9-BD01-4708D8A070BD}.Debug|x86.Build.0 = Debug|Any CPU
		{CB9ACDE5-A53A-48C9-BD01-4708D8A070BD}.Release|Any CPU.ActiveCfg = Release|Any CPU
		{CB9ACDE5-A53A-48C9-BD01-4708D8A070BD}.Release|Any CPU.Build.0 = Release|Any CPU
		{CB9ACDE5-A53A-48C9-BD01-4708D8A070BD}.Release|ARM.ActiveCfg = Release|Any CPU
		{CB9ACDE5-A53A-48C9-BD01-4708D8A070BD}.Release|ARM.Build.0 = Release|Any CPU
		{CB9ACDE5-A53A-48C9-BD01-4708D8A070BD}.Release|ARM64.ActiveCfg = Release|Any CPU
		{CB9ACDE5-A53A-48C9-BD01-4708D8A070BD}.Release|ARM64.Build.0 = Release|Any CPU
		{CB9ACDE5-A53A-48C9-BD01-4708D8A070BD}.Release|x64.ActiveCfg = Release|Any CPU
		{CB9ACDE5-A53A-48C9-BD01-4708D8A070BD}.Release|x64.Build.0 = Release|Any CPU
		{CB9ACDE5-A53A-48C9-BD01-4708D8A070BD}.Release|x86.ActiveCfg = Release|Any CPU
		{CB9ACDE5-A53A-48C9-BD01-4708D8A070BD}.Release|x86.Build.0 = Release|Any CPU
		{D37B772A-F5BB-4719-8EE9-33CB59885FA3}.Debug|Any CPU.ActiveCfg = Debug|Any CPU
		{D37B772A-F5BB-4719-8EE9-33CB59885FA3}.Debug|Any CPU.Build.0 = Debug|Any CPU
		{D37B772A-F5BB-4719-8EE9-33CB59885FA3}.Debug|ARM.ActiveCfg = Debug|Any CPU
		{D37B772A-F5BB-4719-8EE9-33CB59885FA3}.Debug|ARM.Build.0 = Debug|Any CPU
		{D37B772A-F5BB-4719-8EE9-33CB59885FA3}.Debug|ARM64.ActiveCfg = Debug|Any CPU
		{D37B772A-F5BB-4719-8EE9-33CB59885FA3}.Debug|ARM64.Build.0 = Debug|Any CPU
		{D37B772A-F5BB-4719-8EE9-33CB59885FA3}.Debug|x64.ActiveCfg = Debug|Any CPU
		{D37B772A-F5BB-4719-8EE9-33CB59885FA3}.Debug|x64.Build.0 = Debug|Any CPU
		{D37B772A-F5BB-4719-8EE9-33CB59885FA3}.Debug|x86.ActiveCfg = Debug|Any CPU
		{D37B772A-F5BB-4719-8EE9-33CB59885FA3}.Debug|x86.Build.0 = Debug|Any CPU
		{D37B772A-F5BB-4719-8EE9-33CB59885FA3}.Release|Any CPU.ActiveCfg = Release|Any CPU
		{D37B772A-F5BB-4719-8EE9-33CB59885FA3}.Release|Any CPU.Build.0 = Release|Any CPU
		{D37B772A-F5BB-4719-8EE9-33CB59885FA3}.Release|ARM.ActiveCfg = Release|Any CPU
		{D37B772A-F5BB-4719-8EE9-33CB59885FA3}.Release|ARM.Build.0 = Release|Any CPU
		{D37B772A-F5BB-4719-8EE9-33CB59885FA3}.Release|ARM64.ActiveCfg = Release|Any CPU
		{D37B772A-F5BB-4719-8EE9-33CB59885FA3}.Release|ARM64.Build.0 = Release|Any CPU
		{D37B772A-F5BB-4719-8EE9-33CB59885FA3}.Release|x64.ActiveCfg = Release|Any CPU
		{D37B772A-F5BB-4719-8EE9-33CB59885FA3}.Release|x64.Build.0 = Release|Any CPU
		{D37B772A-F5BB-4719-8EE9-33CB59885FA3}.Release|x86.ActiveCfg = Release|Any CPU
		{D37B772A-F5BB-4719-8EE9-33CB59885FA3}.Release|x86.Build.0 = Release|Any CPU
		{F01B4768-053F-47FF-B2B5-6ECE36A5EFC9}.Debug|Any CPU.ActiveCfg = Debug|Any CPU
		{F01B4768-053F-47FF-B2B5-6ECE36A5EFC9}.Debug|Any CPU.Build.0 = Debug|Any CPU
		{F01B4768-053F-47FF-B2B5-6ECE36A5EFC9}.Debug|ARM.ActiveCfg = Debug|Any CPU
		{F01B4768-053F-47FF-B2B5-6ECE36A5EFC9}.Debug|ARM.Build.0 = Debug|Any CPU
		{F01B4768-053F-47FF-B2B5-6ECE36A5EFC9}.Debug|ARM64.ActiveCfg = Debug|Any CPU
		{F01B4768-053F-47FF-B2B5-6ECE36A5EFC9}.Debug|ARM64.Build.0 = Debug|Any CPU
		{F01B4768-053F-47FF-B2B5-6ECE36A5EFC9}.Debug|x64.ActiveCfg = Debug|Any CPU
		{F01B4768-053F-47FF-B2B5-6ECE36A5EFC9}.Debug|x64.Build.0 = Debug|Any CPU
		{F01B4768-053F-47FF-B2B5-6ECE36A5EFC9}.Debug|x86.ActiveCfg = Debug|Any CPU
		{F01B4768-053F-47FF-B2B5-6ECE36A5EFC9}.Debug|x86.Build.0 = Debug|Any CPU
		{F01B4768-053F-47FF-B2B5-6ECE36A5EFC9}.Release|Any CPU.ActiveCfg = Release|Any CPU
		{F01B4768-053F-47FF-B2B5-6ECE36A5EFC9}.Release|Any CPU.Build.0 = Release|Any CPU
		{F01B4768-053F-47FF-B2B5-6ECE36A5EFC9}.Release|ARM.ActiveCfg = Release|Any CPU
		{F01B4768-053F-47FF-B2B5-6ECE36A5EFC9}.Release|ARM.Build.0 = Release|Any CPU
		{F01B4768-053F-47FF-B2B5-6ECE36A5EFC9}.Release|ARM64.ActiveCfg = Release|Any CPU
		{F01B4768-053F-47FF-B2B5-6ECE36A5EFC9}.Release|ARM64.Build.0 = Release|Any CPU
		{F01B4768-053F-47FF-B2B5-6ECE36A5EFC9}.Release|x64.ActiveCfg = Release|Any CPU
		{F01B4768-053F-47FF-B2B5-6ECE36A5EFC9}.Release|x64.Build.0 = Release|Any CPU
		{F01B4768-053F-47FF-B2B5-6ECE36A5EFC9}.Release|x86.ActiveCfg = Release|Any CPU
		{F01B4768-053F-47FF-B2B5-6ECE36A5EFC9}.Release|x86.Build.0 = Release|Any CPU
		{C1232385-925A-49F9-9E1D-3284244D1DCE}.Debug|Any CPU.ActiveCfg = Debug|Any CPU
		{C1232385-925A-49F9-9E1D-3284244D1DCE}.Debug|Any CPU.Build.0 = Debug|Any CPU
		{C1232385-925A-49F9-9E1D-3284244D1DCE}.Debug|ARM.ActiveCfg = Debug|Any CPU
		{C1232385-925A-49F9-9E1D-3284244D1DCE}.Debug|ARM.Build.0 = Debug|Any CPU
		{C1232385-925A-49F9-9E1D-3284244D1DCE}.Debug|ARM64.ActiveCfg = Debug|Any CPU
		{C1232385-925A-49F9-9E1D-3284244D1DCE}.Debug|ARM64.Build.0 = Debug|Any CPU
		{C1232385-925A-49F9-9E1D-3284244D1DCE}.Debug|x64.ActiveCfg = Debug|Any CPU
		{C1232385-925A-49F9-9E1D-3284244D1DCE}.Debug|x64.Build.0 = Debug|Any CPU
		{C1232385-925A-49F9-9E1D-3284244D1DCE}.Debug|x86.ActiveCfg = Debug|Any CPU
		{C1232385-925A-49F9-9E1D-3284244D1DCE}.Debug|x86.Build.0 = Debug|Any CPU
		{C1232385-925A-49F9-9E1D-3284244D1DCE}.Release|Any CPU.ActiveCfg = Release|Any CPU
		{C1232385-925A-49F9-9E1D-3284244D1DCE}.Release|Any CPU.Build.0 = Release|Any CPU
		{C1232385-925A-49F9-9E1D-3284244D1DCE}.Release|ARM.ActiveCfg = Release|Any CPU
		{C1232385-925A-49F9-9E1D-3284244D1DCE}.Release|ARM.Build.0 = Release|Any CPU
		{C1232385-925A-49F9-9E1D-3284244D1DCE}.Release|ARM64.ActiveCfg = Release|Any CPU
		{C1232385-925A-49F9-9E1D-3284244D1DCE}.Release|ARM64.Build.0 = Release|Any CPU
		{C1232385-925A-49F9-9E1D-3284244D1DCE}.Release|x64.ActiveCfg = Release|Any CPU
		{C1232385-925A-49F9-9E1D-3284244D1DCE}.Release|x64.Build.0 = Release|Any CPU
		{C1232385-925A-49F9-9E1D-3284244D1DCE}.Release|x86.ActiveCfg = Release|Any CPU
		{C1232385-925A-49F9-9E1D-3284244D1DCE}.Release|x86.Build.0 = Release|Any CPU
	EndGlobalSection
	GlobalSection(SolutionProperties) = preSolution
		HideSolutionNode = FALSE
	EndGlobalSection
	GlobalSection(ExtensibilityGlobals) = postSolution
		SolutionGuid = {D6A92F94-F8CB-41EB-861F-07CB02440F47}
	EndGlobalSection
EndGlobal
